
Microsoft Visual Studio Solution File, Format Version 12.00
# Visual Studio 2015
Project("{FAE04EC0-301F-11D3-BF4B-00C04F79EFBC}") = "Envasion_RubyStar.Plugins", "Envasion_RubyStar.Plugins.csproj", "{C145D131-E828-7D34-4EC3-325009F87FF1}"
EndProject
Project("{FAE04EC0-301F-11D3-BF4B-00C04F79EFBC}") = "Envasion_RubyStar", "Envasion_RubyStar.csproj", "{E73B1996-65DD-6530-C46B-C3D15DBEB455}"
EndProject
Project("{FAE04EC0-301F-11D3-BF4B-00C04F79EFBC}") = "Envasion_RubyStar.Editor", "Envasion_RubyStar.Editor.csproj", "{49FA228D-CF02-AA55-EBE5-509C2FB6C625}"
EndProject
Global
	GlobalSection(SolutionConfigurationPlatforms) = preSolution
		Debug|Any CPU = Debug|Any CPU
		Release|Any CPU = Release|Any CPU
	EndGlobalSection
	GlobalSection(ProjectConfigurationPlatforms) = postSolution
		{C145D131-E828-7D34-4EC3-325009F87FF1}.Debug|Any CPU.ActiveCfg = Debug|Any CPU
		{C145D131-E828-7D34-4EC3-325009F87FF1}.Debug|Any CPU.Build.0 = Debug|Any CPU
		{C145D131-E828-7D34-4EC3-325009F87FF1}.Release|Any CPU.ActiveCfg = Release|Any CPU
		{C145D131-E828-7D34-4EC3-325009F87FF1}.Release|Any CPU.Build.0 = Release|Any CPU
		{E73B1996-65DD-6530-C46B-C3D15DBEB455}.Debug|Any CPU.ActiveCfg = Debug|Any CPU
		{E73B1996-65DD-6530-C46B-C3D15DBEB455}.Debug|Any CPU.Build.0 = Debug|Any CPU
		{E73B1996-65DD-6530-C46B-C3D15DBEB455}.Release|Any CPU.ActiveCfg = Release|Any CPU
		{E73B1996-65DD-6530-C46B-C3D15DBEB455}.Release|Any CPU.Build.0 = Release|Any CPU
		{49FA228D-CF02-AA55-EBE5-509C2FB6C625}.Debug|Any CPU.ActiveCfg = Debug|Any CPU
		{49FA228D-CF02-AA55-EBE5-509C2FB6C625}.Debug|Any CPU.Build.0 = Debug|Any CPU
		{49FA228D-CF02-AA55-EBE5-509C2FB6C625}.Release|Any CPU.ActiveCfg = Release|Any CPU
		{49FA228D-CF02-AA55-EBE5-509C2FB6C625}.Release|Any CPU.Build.0 = Release|Any CPU
	EndGlobalSection
	GlobalSection(SolutionProperties) = preSolution
		HideSolutionNode = FALSE
	EndGlobalSection
EndGlobal
